
Microsoft Visual Studio Solution File, Format Version 12.00
Project("{FAE04EC0-301F-11D3-BF4B-00C04F79EFBC}") = "Aksjer", "Aksjer\Aksjer.csproj", "{3FA73AEA-60CF-420B-BE25-70F1407B003E}"
EndProject
Global
	GlobalSection(SolutionConfigurationPlatforms) = preSolution
		Debug|Any CPU = Debug|Any CPU
		Release|Any CPU = Release|Any CPU
	EndGlobalSection
	GlobalSection(ProjectConfigurationPlatforms) = postSolution
		{3FA73AEA-60CF-420B-BE25-70F1407B003E}.Debug|Any CPU.ActiveCfg = Debug|Any CPU
		{3FA73AEA-60CF-420B-BE25-70F1407B003E}.Debug|Any CPU.Build.0 = Debug|Any CPU
		{3FA73AEA-60CF-420B-BE25-70F1407B003E}.Release|Any CPU.ActiveCfg = Release|Any CPU
		{3FA73AEA-60CF-420B-BE25-70F1407B003E}.Release|Any CPU.Build.0 = Release|Any CPU
	EndGlobalSection
EndGlobal
