{
  "requires": true,
  "lockfileVersion": 1,
  "dependencies": {
    "ng-apexcharts": {
      "version": "1.5.1",
      "resolved": "https://registry.npmjs.org/ng-apexcharts/-/ng-apexcharts-1.5.1.tgz",
      "integrity": "sha512-Vhl7Qtc05fKN7iCxyKUwx7p8FbM1cyRnY1pYjGsiy4z3Wf9UoXuyprx3WMcMcHX5AIi53vR7XHekOwlGo4Z/cg==",
      "requires": {
        "tslib": "^1.10.0"
      },
      "dependencies": {
        "tslib": {
          "version": "1.14.1",
          "resolved": "https://registry.npmjs.org/tslib/-/tslib-1.14.1.tgz",
          "integrity": "sha512-Xni35NKzjgMrwevysHTCArtLDpPvye8zV/0E4EyYn43P7/7qvQwPh9BGkHewbMulVntbigmcT7rdX3BNo9wRJg=="
        }
      }
    }
  }
}
